
Microsoft Visual Studio Solution File, Format Version 12.00
# Visual Studio Version 17
VisualStudioVersion = 17.12.35521.163
MinimumVisualStudioVersion = 10.0.40219.1
Project("{FAE04EC0-301F-11D3-BF4B-00C04F79EFBC}") = "Common.Configuration", "Common.Configuration\Common.Configuration.csproj", "{FD55E4D4-7D3B-48F7-ABF1-1D6120DDD465}"
EndProject
Project("{FAE04EC0-301F-11D3-BF4B-00C04F79EFBC}") = "CreateUser.Function", "CreateUser.Function\CreateUser.Function.csproj", "{33E095CB-D072-4277-9984-7CEC59A41548}"
EndProject
Global
	GlobalSection(SolutionConfigurationPlatforms) = preSolution
		Debug|Any CPU = Debug|Any CPU
		Release|Any CPU = Release|Any CPU
	EndGlobalSection
	GlobalSection(ProjectConfigurationPlatforms) = postSolution
		{FD55E4D4-7D3B-48F7-ABF1-1D6120DDD465}.Debug|Any CPU.ActiveCfg = Debug|Any CPU
		{FD55E4D4-7D3B-48F7-ABF1-1D6120DDD465}.Debug|Any CPU.Build.0 = Debug|Any CPU
		{FD55E4D4-7D3B-48F7-ABF1-1D6120DDD465}.Release|Any CPU.ActiveCfg = Release|Any CPU
		{FD55E4D4-7D3B-48F7-ABF1-1D6120DDD465}.Release|Any CPU.Build.0 = Release|Any CPU
		{33E095CB-D072-4277-9984-7CEC59A41548}.Debug|Any CPU.ActiveCfg = Debug|Any CPU
		{33E095CB-D072-4277-9984-7CEC59A41548}.Debug|Any CPU.Build.0 = Debug|Any CPU
		{33E095CB-D072-4277-9984-7CEC59A41548}.Release|Any CPU.ActiveCfg = Release|Any CPU
		{33E095CB-D072-4277-9984-7CEC59A41548}.Release|Any CPU.Build.0 = Release|Any CPU
	EndGlobalSection
	GlobalSection(SolutionProperties) = preSolution
		HideSolutionNode = FALSE
	EndGlobalSection
EndGlobal
